
Microsoft Visual Studio Solution File, Format Version 12.00
# Visual Studio Version 16
VisualStudioVersion = 16.0.30503.244
MinimumVisualStudioVersion = 10.0.40219.1
Project("{FAE04EC0-301F-11D3-BF4B-00C04F79EFBC}") = "DependencyInversion", "DependencyInversion\DependencyInversion.csproj", "{01521F24-1C31-4DEB-9FE0-84536DCDEDDD}"
EndProject
Global
	GlobalSection(SolutionConfigurationPlatforms) = preSolution
		Debug|Any CPU = Debug|Any CPU
		Release|Any CPU = Release|Any CPU
	EndGlobalSection
	GlobalSection(ProjectConfigurationPlatforms) = postSolution
		{01521F24-1C31-4DEB-9FE0-84536DCDEDDD}.Debug|Any CPU.ActiveCfg = Debug|Any CPU
		{01521F24-1C31-4DEB-9FE0-84536DCDEDDD}.Debug|Any CPU.Build.0 = Debug|Any CPU
		{01521F24-1C31-4DEB-9FE0-84536DCDEDDD}.Release|Any CPU.ActiveCfg = Release|Any CPU
		{01521F24-1C31-4DEB-9FE0-84536DCDEDDD}.Release|Any CPU.Build.0 = Release|Any CPU
	EndGlobalSection
	GlobalSection(SolutionProperties) = preSolution
		HideSolutionNode = FALSE
	EndGlobalSection
	GlobalSection(ExtensibilityGlobals) = postSolution
		SolutionGuid = {F2CE07F6-B601-4735-89C3-9810102DF7D4}
	EndGlobalSection
EndGlobal
